
Microsoft Visual Studio Solution File, Format Version 12.00
# Visual Studio 15
VisualStudioVersion = 15.0.28307.1525
MinimumVisualStudioVersion = 10.0.40219.1
Project("{059D6162-CD51-11D0-AE1F-00A0C90FFFC3}") = "ctf", "ctf\ctf.dsp", "{5B337C5E-D69F-4DC0-A706-93C5B0618590}"
EndProject
Project("{8BC9CEB8-8B4A-11D0-8D11-00A0C91BC942}") = "game", "game\game.vcxproj", "{0A0E0C2C-1ACE-4A67-AB84-854070EC5A90}"
EndProject
Project("{8BC9CEB8-8B4A-11D0-8D11-00A0C91BC942}") = "quake2", "quake2.vcxproj", "{FA1D2249-75FA-4AA8-93F3-1E3159C7C303}"
EndProject
Project("{059D6162-CD51-11D0-AE1F-00A0C90FFFC3}") = "ref_gl", "ref_gl\ref_gl.dsp", "{F1A0C65A-509B-44F2-AFC8-6B0A491EF4ED}"
EndProject
Project("{059D6162-CD51-11D0-AE1F-00A0C90FFFC3}") = "ref_soft", "ref_soft\ref_soft.dsp", "{20FCA01E-6696-4063-B0AF-EB20F0A98673}"
EndProject
Global
	GlobalSection(SolutionConfigurationPlatforms) = preSolution
		Debug Alpha|x86 = Debug Alpha|x86
		Debug|x86 = Debug|x86
		Release Alpha|x86 = Release Alpha|x86
		Release|x86 = Release|x86
		Template|x86 = Template|x86
	EndGlobalSection
	GlobalSection(ProjectConfigurationPlatforms) = postSolution
		{0A0E0C2C-1ACE-4A67-AB84-854070EC5A90}.Debug Alpha|x86.ActiveCfg = Debug Alpha|Win32
		{0A0E0C2C-1ACE-4A67-AB84-854070EC5A90}.Debug Alpha|x86.Build.0 = Debug Alpha|Win32
		{0A0E0C2C-1ACE-4A67-AB84-854070EC5A90}.Debug|x86.ActiveCfg = Debug|Win32
		{0A0E0C2C-1ACE-4A67-AB84-854070EC5A90}.Debug|x86.Build.0 = Debug|Win32
		{0A0E0C2C-1ACE-4A67-AB84-854070EC5A90}.Release Alpha|x86.ActiveCfg = Release Alpha|Win32
		{0A0E0C2C-1ACE-4A67-AB84-854070EC5A90}.Release Alpha|x86.Build.0 = Release Alpha|Win32
		{0A0E0C2C-1ACE-4A67-AB84-854070EC5A90}.Release|x86.ActiveCfg = Release|Win32
		{0A0E0C2C-1ACE-4A67-AB84-854070EC5A90}.Release|x86.Build.0 = Release|Win32
		{0A0E0C2C-1ACE-4A67-AB84-854070EC5A90}.Template|x86.ActiveCfg = Release Alpha|Win32
		{0A0E0C2C-1ACE-4A67-AB84-854070EC5A90}.Template|x86.Build.0 = Release Alpha|Win32
		{FA1D2249-75FA-4AA8-93F3-1E3159C7C303}.Debug Alpha|x86.ActiveCfg = Debug Alpha|Win32
		{FA1D2249-75FA-4AA8-93F3-1E3159C7C303}.Debug Alpha|x86.Build.0 = Debug Alpha|Win32
		{FA1D2249-75FA-4AA8-93F3-1E3159C7C303}.Debug|x86.ActiveCfg = Debug|Win32
		{FA1D2249-75FA-4AA8-93F3-1E3159C7C303}.Release Alpha|x86.ActiveCfg = Release Alpha|Win32
		{FA1D2249-75FA-4AA8-93F3-1E3159C7C303}.Release Alpha|x86.Build.0 = Release Alpha|Win32
		{FA1D2249-75FA-4AA8-93F3-1E3159C7C303}.Release|x86.ActiveCfg = Release|Win32
		{FA1D2249-75FA-4AA8-93F3-1E3159C7C303}.Template|x86.ActiveCfg = Template|Win32
		{FA1D2249-75FA-4AA8-93F3-1E3159C7C303}.Template|x86.Build.0 = Template|Win32
	EndGlobalSection
	GlobalSection(SolutionProperties) = preSolution
		HideSolutionNode = FALSE
	EndGlobalSection
	GlobalSection(ExtensibilityGlobals) = postSolution
		SolutionGuid = {2B037E1A-9F4E-4365-AFA1-16855B2D4927}
	EndGlobalSection
EndGlobal
